<?xml version="1.0" encoding="utf-8"?>
<Project ToolsVersion="4.0" xmlns="http://schemas.microsoft.com/developer/msbuild/2003">
  <ItemGroup>
    <Filter Include="Pliki źródłowe">
      <UniqueIdentifier>{4FC737F1-C7A5-4376-A066-2A32D752A2FF}</UniqueIdentifier>
      <Extensions>cpp;c;cc;cxx;c++;cppm;ixx;def;odl;idl;hpj;bat;asm;asmx</Extensions>
    </Filter>
    <Filter Include="Pliki nagłówkowe">
      <UniqueIdentifier>{93995380-89BD-4b04-88EB-625FBE52EBFB}</UniqueIdentifier>
      <Extensions>h;hh;hpp;hxx;h++;hm;inl;inc;ipp;xsd</Extensions>
    </Filter>
    <Filter Include="Pliki zasobów">
      <UniqueIdentifier>{67DA6AB6-F800-4c08-8B7A-83BB121AAD01}</UniqueIdentifier>
      <Extensions>rc;ico;cur;bmp;dlg;rc2;rct;bin;rgs;gif;jpg;jpeg;jpe;resx;tiff;tif;png;wav;mfcribbon-ms</Extensions>
    </Filter>
    <Filter Include="Objects">
      <UniqueIdentifier>{0d5502d1-bd0a-43ff-a95d-fba7d1b10c1f}</UniqueIdentifier>
    </Filter>
    <Filter Include="Objects\Player">
      <UniqueIdentifier>{addb40cb-aedd-4a27-b02c-3b7c4e5400ff}</UniqueIdentifier>
    </Filter>
    <Filter Include="Shaders">
      <UniqueIdentifier>{428914bb-12a3-43e6-8b3a-ac98a6e71c9c}</UniqueIdentifier>
    </Filter>
    <Filter Include="Objects\LightingSources">
      <UniqueIdentifier>{b06656ef-8baa-4faf-9376-93de2423e760}</UniqueIdentifier>
    </Filter>
  </ItemGroup>
  <ItemGroup>
    <ClCompile Include="main.cpp">
      <Filter>Pliki źródłowe</Filter>
    </ClCompile>
    <ClCompile Include="Game.cpp">
      <Filter>Pliki źródłowe</Filter>
    </ClCompile>
    <ClCompile Include="Timer.cpp">
      <Filter>Pliki źródłowe</Filter>
    </ClCompile>
    <ClCompile Include="CameraMan.cpp">
      <Filter>Objects\Player</Filter>
    </ClCompile>
    <ClCompile Include="CameraTP.cpp">
      <Filter>Objects\Player</Filter>
    </ClCompile>
    <ClCompile Include="Entity.cpp">
      <Filter>Objects</Filter>
    </ClCompile>
    <ClCompile Include="Mesh.cpp">
      <Filter>Objects</Filter>
    </ClCompile>
    <ClCompile Include="Map.cpp">
      <Filter>Objects</Filter>
    </ClCompile>
    <ClCompile Include="Player.cpp">
      <Filter>Objects\Player</Filter>
    </ClCompile>
    <ClCompile Include="StableObject.cpp">
      <Filter>Objects</Filter>
    </ClCompile>
    <ClCompile Include="Shaders\Shader.cpp">
      <Filter>Shaders</Filter>
    </ClCompile>
    <ClCompile Include="initProgVal.cpp">
      <Filter>Shaders</Filter>
    </ClCompile>
    <ClCompile Include="Stable.h">
      <Filter>Pliki nagłówkowe</Filter>
    </ClCompile>
    <ClCompile Include="LightSource.cpp">
      <Filter>Objects\LightingSources</Filter>
    </ClCompile>
    <ClCompile Include="HitBox.cpp">
      <Filter>Objects</Filter>
    </ClCompile>
  </ItemGroup>
  <ItemGroup>
    <ClInclude Include="Game.h">
      <Filter>Pliki nagłówkowe</Filter>
    </ClInclude>
    <ClInclude Include="Timer.h">
      <Filter>Pliki nagłówkowe</Filter>
    </ClInclude>
    <ClInclude Include="Vertex.h">
      <Filter>Pliki nagłówkowe</Filter>
    </ClInclude>
    <ClInclude Include="Entity.h">
      <Filter>Objects</Filter>
    </ClInclude>
    <ClInclude Include="Map.h">
      <Filter>Objects</Filter>
    </ClInclude>
    <ClInclude Include="Material.h">
      <Filter>Objects</Filter>
    </ClInclude>
    <ClInclude Include="Texture.h">
      <Filter>Objects</Filter>
    </ClInclude>
    <ClInclude Include="Mesh.h">
      <Filter>Objects</Filter>
    </ClInclude>
    <ClInclude Include="CameraTP.h">
      <Filter>Objects\Player</Filter>
    </ClInclude>
    <ClInclude Include="Player.h">
      <Filter>Objects\Player</Filter>
    </ClInclude>
    <ClInclude Include="CameraMan.h">
      <Filter>Objects\Player</Filter>
    </ClInclude>
    <ClInclude Include="StableObject.h">
      <Filter>Objects</Filter>
    </ClInclude>
    <ClInclude Include="resource.h">
      <Filter>Pliki nagłówkowe</Filter>
    </ClInclude>
    <ClInclude Include="Shaders\Shader.h">
      <Filter>Shaders</Filter>
    </ClInclude>
    <ClInclude Include="initProgVal.h">
      <Filter>Shaders</Filter>
    </ClInclude>
    <ClInclude Include="LightSource.h">
      <Filter>Objects\LightingSources</Filter>
    </ClInclude>
    <ClInclude Include="HitBox.h">
      <Filter>Objects</Filter>
    </ClInclude>
  </ItemGroup>
  <ItemGroup>
    <ResourceCompile Include="GoUp.rc">
      <Filter>Pliki zasobów</Filter>
    </ResourceCompile>
  </ItemGroup>
  <ItemGroup>
    <None Include="Shaders\lighting.frag">
      <Filter>Shaders</Filter>
    </None>
    <None Include="Shaders\lamp.frag">
      <Filter>Shaders</Filter>
    </None>
    <None Include="Shaders\lamp.vert">
      <Filter>Shaders</Filter>
    </None>
    <None Include="Shaders\lighting.vert">
      <Filter>Shaders</Filter>
    </None>
    <None Include="Shaders\lighting2.frag">
      <Filter>Shaders</Filter>
    </None>
    <None Include="Shaders\lighting2.vert">
      <Filter>Shaders</Filter>
    </None>
  </ItemGroup>
</Project>